
Microsoft Visual Studio Solution File, Format Version 12.00
# Visual Studio Version 17
VisualStudioVersion = 17.0.31903.59
MinimumVisualStudioVersion = 10.0.40219.1
Project("{FAE04EC0-301F-11D3-BF4B-00C04F79EFBC}") = "AdapterPattern", "AdapterPattern\AdapterPattern.csproj", "{75706341-C694-4F18-8571-5C1B2EBCB463}"
EndProject
Project("{FAE04EC0-301F-11D3-BF4B-00C04F79EFBC}") = "BridgePattern", "BridgePattern\BridgePattern.csproj", "{F721FC18-EAE8-4FD1-842E-81FFDD03B310}"
EndProject
Project("{FAE04EC0-301F-11D3-BF4B-00C04F79EFBC}") = "BuilderPattern", "BuilderPattern\BuilderPattern.csproj", "{5FA0EBC6-3121-4647-BD6A-831F7849A8C9}"
EndProject
Project("{FAE04EC0-301F-11D3-BF4B-00C04F79EFBC}") = "CommandPattern", "CommandPattern\CommandPattern.csproj", "{8B2CFA95-3194-4AB3-B9DD-A46ACB785617}"
EndProject
Project("{FAE04EC0-301F-11D3-BF4B-00C04F79EFBC}") = "DecoratorPattern", "DecoratorPattern\DecoratorPattern.csproj", "{24849890-C53A-47FC-A954-8127B1DC27EE}"
EndProject
Project("{FAE04EC0-301F-11D3-BF4B-00C04F79EFBC}") = "DependencyInjectionPattern", "DependencyInjectionPattern\DependencyInjectionPattern.csproj", "{DA6AB7AE-1637-4340-9A7E-C78E074F9D43}"
EndProject
Project("{FAE04EC0-301F-11D3-BF4B-00C04F79EFBC}") = "FacadePattern", "FacadePattern\FacadePattern.csproj", "{C4E1C9A5-228C-4F03-B1AF-71925D22C8F4}"
EndProject
Project("{FAE04EC0-301F-11D3-BF4B-00C04F79EFBC}") = "FactoryPattern", "FactoryPattern\FactoryPattern.csproj", "{1798931C-9739-4818-BB7C-660FFE01A195}"
EndProject
Project("{FAE04EC0-301F-11D3-BF4B-00C04F79EFBC}") = "ObserverPattern", "ObserverPattern\ObserverPattern.csproj", "{47A71F64-D953-487E-BD77-B95DB0D4F30A}"
EndProject
Project("{FAE04EC0-301F-11D3-BF4B-00C04F79EFBC}") = "SingletonPattern", "SingletonPattern\SingletonPattern.csproj", "{CC7F649B-E9FE-419E-BE93-A746CDAB6DE9}"
EndProject
Project("{FAE04EC0-301F-11D3-BF4B-00C04F79EFBC}") = "StrategyPattern", "StrategyPattern\StrategyPattern.csproj", "{6DAF9C43-299C-4E0E-8175-2C9E850CF16C}"
EndProject
Project("{FAE04EC0-301F-11D3-BF4B-00C04F79EFBC}") = "PrototypePattern", "PrototypePattern\PrototypePattern.csproj", "{631CCA81-483B-4790-9A3F-8E1168611343}"
EndProject
Project("{FAE04EC0-301F-11D3-BF4B-00C04F79EFBC}") = "StatePattern", "StatePattern\StatePattern.csproj", "{5BC9EF05-64EC-4D48-9E81-7540CA4B74F6}"
EndProject
Project("{FAE04EC0-301F-11D3-BF4B-00C04F79EFBC}") = "ChainOfResponsibilityPattern", "ChainOfResponsibilityPattern\ChainOfResponsibilityPattern.csproj", "{DA0C2049-452B-4215-A2EC-78E584931288}"
EndProject
Project("{FAE04EC0-301F-11D3-BF4B-00C04F79EFBC}") = "TemplateMethodPattern", "TemplateMethodPattern\TemplateMethodPattern.csproj", "{BC0E209D-95C1-4EFC-9EE2-164191F95310}"
EndProject
Project("{FAE04EC0-301F-11D3-BF4B-00C04F79EFBC}") = "IteratorPattern", "IteratorPattern\IteratorPattern.csproj", "{8BB9131B-1D64-4750-B158-8DC4E5845D40}"
EndProject
Project("{FAE04EC0-301F-11D3-BF4B-00C04F79EFBC}") = "CompositePattern", "CompositePattern\CompositePattern.csproj", "{35D7CA8B-8C5D-4C83-A5C7-84AF203FD9E2}"
EndProject
Project("{FAE04EC0-301F-11D3-BF4B-00C04F79EFBC}") = "ProxyPattern", "ProxyPattern\ProxyPattern.csproj", "{EA025EAB-7CE7-4C1E-A876-6B909582B6E2}"
EndProject
Project("{FAE04EC0-301F-11D3-BF4B-00C04F79EFBC}") = "DesignPatterns.Tests", "DesignPatterns.Tests\DesignPatterns.Tests.csproj", "{E8634ECD-D527-45BD-A738-3AFA69E8C854}"
EndProject
Project("{FAE04EC0-301F-11D3-BF4B-00C04F79EFBC}") = "OrderProcessingExample", "OrderProcessingExample\OrderProcessingExample.csproj", "{7C014F94-591F-4756-9E77-06280588EE66}"
EndProject
Global
	GlobalSection(SolutionConfigurationPlatforms) = preSolution
		Debug|Any CPU = Debug|Any CPU
		Debug|x64 = Debug|x64
		Debug|x86 = Debug|x86
		Release|Any CPU = Release|Any CPU
		Release|x64 = Release|x64
		Release|x86 = Release|x86
	EndGlobalSection
	GlobalSection(ProjectConfigurationPlatforms) = postSolution
		{75706341-C694-4F18-8571-5C1B2EBCB463}.Debug|Any CPU.ActiveCfg = Debug|Any CPU
		{75706341-C694-4F18-8571-5C1B2EBCB463}.Debug|Any CPU.Build.0 = Debug|Any CPU
		{75706341-C694-4F18-8571-5C1B2EBCB463}.Debug|x64.ActiveCfg = Debug|Any CPU
		{75706341-C694-4F18-8571-5C1B2EBCB463}.Debug|x64.Build.0 = Debug|Any CPU
		{75706341-C694-4F18-8571-5C1B2EBCB463}.Debug|x86.ActiveCfg = Debug|Any CPU
		{75706341-C694-4F18-8571-5C1B2EBCB463}.Debug|x86.Build.0 = Debug|Any CPU
		{75706341-C694-4F18-8571-5C1B2EBCB463}.Release|Any CPU.ActiveCfg = Release|Any CPU
		{75706341-C694-4F18-8571-5C1B2EBCB463}.Release|Any CPU.Build.0 = Release|Any CPU
		{75706341-C694-4F18-8571-5C1B2EBCB463}.Release|x64.ActiveCfg = Release|Any CPU
		{75706341-C694-4F18-8571-5C1B2EBCB463}.Release|x64.Build.0 = Release|Any CPU
		{75706341-C694-4F18-8571-5C1B2EBCB463}.Release|x86.ActiveCfg = Release|Any CPU
		{75706341-C694-4F18-8571-5C1B2EBCB463}.Release|x86.Build.0 = Release|Any CPU
		{F721FC18-EAE8-4FD1-842E-81FFDD03B310}.Debug|Any CPU.ActiveCfg = Debug|Any CPU
		{F721FC18-EAE8-4FD1-842E-81FFDD03B310}.Debug|Any CPU.Build.0 = Debug|Any CPU
		{F721FC18-EAE8-4FD1-842E-81FFDD03B310}.Debug|x64.ActiveCfg = Debug|Any CPU
		{F721FC18-EAE8-4FD1-842E-81FFDD03B310}.Debug|x64.Build.0 = Debug|Any CPU
		{F721FC18-EAE8-4FD1-842E-81FFDD03B310}.Debug|x86.ActiveCfg = Debug|Any CPU
		{F721FC18-EAE8-4FD1-842E-81FFDD03B310}.Debug|x86.Build.0 = Debug|Any CPU
		{F721FC18-EAE8-4FD1-842E-81FFDD03B310}.Release|Any CPU.ActiveCfg = Release|Any CPU
		{F721FC18-EAE8-4FD1-842E-81FFDD03B310}.Release|Any CPU.Build.0 = Release|Any CPU
		{F721FC18-EAE8-4FD1-842E-81FFDD03B310}.Release|x64.ActiveCfg = Release|Any CPU
		{F721FC18-EAE8-4FD1-842E-81FFDD03B310}.Release|x64.Build.0 = Release|Any CPU
		{F721FC18-EAE8-4FD1-842E-81FFDD03B310}.Release|x86.ActiveCfg = Release|Any CPU
		{F721FC18-EAE8-4FD1-842E-81FFDD03B310}.Release|x86.Build.0 = Release|Any CPU
		{5FA0EBC6-3121-4647-BD6A-831F7849A8C9}.Debug|Any CPU.ActiveCfg = Debug|Any CPU
		{5FA0EBC6-3121-4647-BD6A-831F7849A8C9}.Debug|Any CPU.Build.0 = Debug|Any CPU
		{5FA0EBC6-3121-4647-BD6A-831F7849A8C9}.Debug|x64.ActiveCfg = Debug|Any CPU
		{5FA0EBC6-3121-4647-BD6A-831F7849A8C9}.Debug|x64.Build.0 = Debug|Any CPU
		{5FA0EBC6-3121-4647-BD6A-831F7849A8C9}.Debug|x86.ActiveCfg = Debug|Any CPU
		{5FA0EBC6-3121-4647-BD6A-831F7849A8C9}.Debug|x86.Build.0 = Debug|Any CPU
		{5FA0EBC6-3121-4647-BD6A-831F7849A8C9}.Release|Any CPU.ActiveCfg = Release|Any CPU
		{5FA0EBC6-3121-4647-BD6A-831F7849A8C9}.Release|Any CPU.Build.0 = Release|Any CPU
		{5FA0EBC6-3121-4647-BD6A-831F7849A8C9}.Release|x64.ActiveCfg = Release|Any CPU
		{5FA0EBC6-3121-4647-BD6A-831F7849A8C9}.Release|x64.Build.0 = Release|Any CPU
		{5FA0EBC6-3121-4647-BD6A-831F7849A8C9}.Release|x86.ActiveCfg = Release|Any CPU
		{5FA0EBC6-3121-4647-BD6A-831F7849A8C9}.Release|x86.Build.0 = Release|Any CPU
		{8B2CFA95-3194-4AB3-B9DD-A46ACB785617}.Debug|Any CPU.ActiveCfg = Debug|Any CPU
		{8B2CFA95-3194-4AB3-B9DD-A46ACB785617}.Debug|Any CPU.Build.0 = Debug|Any CPU
		{8B2CFA95-3194-4AB3-B9DD-A46ACB785617}.Debug|x64.ActiveCfg = Debug|Any CPU
		{8B2CFA95-3194-4AB3-B9DD-A46ACB785617}.Debug|x64.Build.0 = Debug|Any CPU
		{8B2CFA95-3194-4AB3-B9DD-A46ACB785617}.Debug|x86.ActiveCfg = Debug|Any CPU
		{8B2CFA95-3194-4AB3-B9DD-A46ACB785617}.Debug|x86.Build.0 = Debug|Any CPU
		{8B2CFA95-3194-4AB3-B9DD-A46ACB785617}.Release|Any CPU.ActiveCfg = Release|Any CPU
		{8B2CFA95-3194-4AB3-B9DD-A46ACB785617}.Release|Any CPU.Build.0 = Release|Any CPU
		{8B2CFA95-3194-4AB3-B9DD-A46ACB785617}.Release|x64.ActiveCfg = Release|Any CPU
		{8B2CFA95-3194-4AB3-B9DD-A46ACB785617}.Release|x64.Build.0 = Release|Any CPU
		{8B2CFA95-3194-4AB3-B9DD-A46ACB785617}.Release|x86.ActiveCfg = Release|Any CPU
		{8B2CFA95-3194-4AB3-B9DD-A46ACB785617}.Release|x86.Build.0 = Release|Any CPU
		{24849890-C53A-47FC-A954-8127B1DC27EE}.Debug|Any CPU.ActiveCfg = Debug|Any CPU
		{24849890-C53A-47FC-A954-8127B1DC27EE}.Debug|Any CPU.Build.0 = Debug|Any CPU
		{24849890-C53A-47FC-A954-8127B1DC27EE}.Debug|x64.ActiveCfg = Debug|Any CPU
		{24849890-C53A-47FC-A954-8127B1DC27EE}.Debug|x64.Build.0 = Debug|Any CPU
		{24849890-C53A-47FC-A954-8127B1DC27EE}.Debug|x86.ActiveCfg = Debug|Any CPU
		{24849890-C53A-47FC-A954-8127B1DC27EE}.Debug|x86.Build.0 = Debug|Any CPU
		{24849890-C53A-47FC-A954-8127B1DC27EE}.Release|Any CPU.ActiveCfg = Release|Any CPU
		{24849890-C53A-47FC-A954-8127B1DC27EE}.Release|Any CPU.Build.0 = Release|Any CPU
		{24849890-C53A-47FC-A954-8127B1DC27EE}.Release|x64.ActiveCfg = Release|Any CPU
		{24849890-C53A-47FC-A954-8127B1DC27EE}.Release|x64.Build.0 = Release|Any CPU
		{24849890-C53A-47FC-A954-8127B1DC27EE}.Release|x86.ActiveCfg = Release|Any CPU
		{24849890-C53A-47FC-A954-8127B1DC27EE}.Release|x86.Build.0 = Release|Any CPU
		{DA6AB7AE-1637-4340-9A7E-C78E074F9D43}.Debug|Any CPU.ActiveCfg = Debug|Any CPU
		{DA6AB7AE-1637-4340-9A7E-C78E074F9D43}.Debug|Any CPU.Build.0 = Debug|Any CPU
		{DA6AB7AE-1637-4340-9A7E-C78E074F9D43}.Debug|x64.ActiveCfg = Debug|Any CPU
		{DA6AB7AE-1637-4340-9A7E-C78E074F9D43}.Debug|x64.Build.0 = Debug|Any CPU
		{DA6AB7AE-1637-4340-9A7E-C78E074F9D43}.Debug|x86.ActiveCfg = Debug|Any CPU
		{DA6AB7AE-1637-4340-9A7E-C78E074F9D43}.Debug|x86.Build.0 = Debug|Any CPU
		{DA6AB7AE-1637-4340-9A7E-C78E074F9D43}.Release|Any CPU.ActiveCfg = Release|Any CPU
		{DA6AB7AE-1637-4340-9A7E-C78E074F9D43}.Release|Any CPU.Build.0 = Release|Any CPU
		{DA6AB7AE-1637-4340-9A7E-C78E074F9D43}.Release|x64.ActiveCfg = Release|Any CPU
		{DA6AB7AE-1637-4340-9A7E-C78E074F9D43}.Release|x64.Build.0 = Release|Any CPU
		{DA6AB7AE-1637-4340-9A7E-C78E074F9D43}.Release|x86.ActiveCfg = Release|Any CPU
		{DA6AB7AE-1637-4340-9A7E-C78E074F9D43}.Release|x86.Build.0 = Release|Any CPU
		{C4E1C9A5-228C-4F03-B1AF-71925D22C8F4}.Debug|Any CPU.ActiveCfg = Debug|Any CPU
		{C4E1C9A5-228C-4F03-B1AF-71925D22C8F4}.Debug|Any CPU.Build.0 = Debug|Any CPU
		{C4E1C9A5-228C-4F03-B1AF-71925D22C8F4}.Debug|x64.ActiveCfg = Debug|Any CPU
		{C4E1C9A5-228C-4F03-B1AF-71925D22C8F4}.Debug|x64.Build.0 = Debug|Any CPU
		{C4E1C9A5-228C-4F03-B1AF-71925D22C8F4}.Debug|x86.ActiveCfg = Debug|Any CPU
		{C4E1C9A5-228C-4F03-B1AF-71925D22C8F4}.Debug|x86.Build.0 = Debug|Any CPU
		{C4E1C9A5-228C-4F03-B1AF-71925D22C8F4}.Release|Any CPU.ActiveCfg = Release|Any CPU
		{C4E1C9A5-228C-4F03-B1AF-71925D22C8F4}.Release|Any CPU.Build.0 = Release|Any CPU
		{C4E1C9A5-228C-4F03-B1AF-71925D22C8F4}.Release|x64.ActiveCfg = Release|Any CPU
		{C4E1C9A5-228C-4F03-B1AF-71925D22C8F4}.Release|x64.Build.0 = Release|Any CPU
		{C4E1C9A5-228C-4F03-B1AF-71925D22C8F4}.Release|x86.ActiveCfg = Release|Any CPU
		{C4E1C9A5-228C-4F03-B1AF-71925D22C8F4}.Release|x86.Build.0 = Release|Any CPU
		{1798931C-9739-4818-BB7C-660FFE01A195}.Debug|Any CPU.ActiveCfg = Debug|Any CPU
		{1798931C-9739-4818-BB7C-660FFE01A195}.Debug|Any CPU.Build.0 = Debug|Any CPU
		{1798931C-9739-4818-BB7C-660FFE01A195}.Debug|x64.ActiveCfg = Debug|Any CPU
		{1798931C-9739-4818-BB7C-660FFE01A195}.Debug|x64.Build.0 = Debug|Any CPU
		{1798931C-9739-4818-BB7C-660FFE01A195}.Debug|x86.ActiveCfg = Debug|Any CPU
		{1798931C-9739-4818-BB7C-660FFE01A195}.Debug|x86.Build.0 = Debug|Any CPU
		{1798931C-9739-4818-BB7C-660FFE01A195}.Release|Any CPU.ActiveCfg = Release|Any CPU
		{1798931C-9739-4818-BB7C-660FFE01A195}.Release|Any CPU.Build.0 = Release|Any CPU
		{1798931C-9739-4818-BB7C-660FFE01A195}.Release|x64.ActiveCfg = Release|Any CPU
		{1798931C-9739-4818-BB7C-660FFE01A195}.Release|x64.Build.0 = Release|Any CPU
		{1798931C-9739-4818-BB7C-660FFE01A195}.Release|x86.ActiveCfg = Release|Any CPU
		{1798931C-9739-4818-BB7C-660FFE01A195}.Release|x86.Build.0 = Release|Any CPU
		{47A71F64-D953-487E-BD77-B95DB0D4F30A}.Debug|Any CPU.ActiveCfg = Debug|Any CPU
		{47A71F64-D953-487E-BD77-B95DB0D4F30A}.Debug|Any CPU.Build.0 = Debug|Any CPU
		{47A71F64-D953-487E-BD77-B95DB0D4F30A}.Debug|x64.ActiveCfg = Debug|Any CPU
		{47A71F64-D953-487E-BD77-B95DB0D4F30A}.Debug|x64.Build.0 = Debug|Any CPU
		{47A71F64-D953-487E-BD77-B95DB0D4F30A}.Debug|x86.ActiveCfg = Debug|Any CPU
		{47A71F64-D953-487E-BD77-B95DB0D4F30A}.Debug|x86.Build.0 = Debug|Any CPU
		{47A71F64-D953-487E-BD77-B95DB0D4F30A}.Release|Any CPU.ActiveCfg = Release|Any CPU
		{47A71F64-D953-487E-BD77-B95DB0D4F30A}.Release|Any CPU.Build.0 = Release|Any CPU
		{47A71F64-D953-487E-BD77-B95DB0D4F30A}.Release|x64.ActiveCfg = Release|Any CPU
		{47A71F64-D953-487E-BD77-B95DB0D4F30A}.Release|x64.Build.0 = Release|Any CPU
		{47A71F64-D953-487E-BD77-B95DB0D4F30A}.Release|x86.ActiveCfg = Release|Any CPU
		{47A71F64-D953-487E-BD77-B95DB0D4F30A}.Release|x86.Build.0 = Release|Any CPU
		{CC7F649B-E9FE-419E-BE93-A746CDAB6DE9}.Debug|Any CPU.ActiveCfg = Debug|Any CPU
		{CC7F649B-E9FE-419E-BE93-A746CDAB6DE9}.Debug|Any CPU.Build.0 = Debug|Any CPU
		{CC7F649B-E9FE-419E-BE93-A746CDAB6DE9}.Debug|x64.ActiveCfg = Debug|Any CPU
		{CC7F649B-E9FE-419E-BE93-A746CDAB6DE9}.Debug|x64.Build.0 = Debug|Any CPU
		{CC7F649B-E9FE-419E-BE93-A746CDAB6DE9}.Debug|x86.ActiveCfg = Debug|Any CPU
		{CC7F649B-E9FE-419E-BE93-A746CDAB6DE9}.Debug|x86.Build.0 = Debug|Any CPU
		{CC7F649B-E9FE-419E-BE93-A746CDAB6DE9}.Release|Any CPU.ActiveCfg = Release|Any CPU
		{CC7F649B-E9FE-419E-BE93-A746CDAB6DE9}.Release|Any CPU.Build.0 = Release|Any CPU
		{CC7F649B-E9FE-419E-BE93-A746CDAB6DE9}.Release|x64.ActiveCfg = Release|Any CPU
		{CC7F649B-E9FE-419E-BE93-A746CDAB6DE9}.Release|x64.Build.0 = Release|Any CPU
		{CC7F649B-E9FE-419E-BE93-A746CDAB6DE9}.Release|x86.ActiveCfg = Release|Any CPU
		{CC7F649B-E9FE-419E-BE93-A746CDAB6DE9}.Release|x86.Build.0 = Release|Any CPU
		{6DAF9C43-299C-4E0E-8175-2C9E850CF16C}.Debug|Any CPU.ActiveCfg = Debug|Any CPU
		{6DAF9C43-299C-4E0E-8175-2C9E850CF16C}.Debug|Any CPU.Build.0 = Debug|Any CPU
		{6DAF9C43-299C-4E0E-8175-2C9E850CF16C}.Debug|x64.ActiveCfg = Debug|Any CPU
		{6DAF9C43-299C-4E0E-8175-2C9E850CF16C}.Debug|x64.Build.0 = Debug|Any CPU
		{6DAF9C43-299C-4E0E-8175-2C9E850CF16C}.Debug|x86.ActiveCfg = Debug|Any CPU
		{6DAF9C43-299C-4E0E-8175-2C9E850CF16C}.Debug|x86.Build.0 = Debug|Any CPU
		{6DAF9C43-299C-4E0E-8175-2C9E850CF16C}.Release|Any CPU.ActiveCfg = Release|Any CPU
		{6DAF9C43-299C-4E0E-8175-2C9E850CF16C}.Release|Any CPU.Build.0 = Release|Any CPU
		{6DAF9C43-299C-4E0E-8175-2C9E850CF16C}.Release|x64.ActiveCfg = Release|Any CPU
		{6DAF9C43-299C-4E0E-8175-2C9E850CF16C}.Release|x64.Build.0 = Release|Any CPU
		{6DAF9C43-299C-4E0E-8175-2C9E850CF16C}.Release|x86.ActiveCfg = Release|Any CPU
		{6DAF9C43-299C-4E0E-8175-2C9E850CF16C}.Release|x86.Build.0 = Release|Any CPU
		{631CCA81-483B-4790-9A3F-8E1168611343}.Debug|Any CPU.ActiveCfg = Debug|Any CPU
		{631CCA81-483B-4790-9A3F-8E1168611343}.Debug|Any CPU.Build.0 = Debug|Any CPU
		{631CCA81-483B-4790-9A3F-8E1168611343}.Debug|x64.ActiveCfg = Debug|Any CPU
		{631CCA81-483B-4790-9A3F-8E1168611343}.Debug|x64.Build.0 = Debug|Any CPU
		{631CCA81-483B-4790-9A3F-8E1168611343}.Debug|x86.ActiveCfg = Debug|Any CPU
		{631CCA81-483B-4790-9A3F-8E1168611343}.Debug|x86.Build.0 = Debug|Any CPU
		{631CCA81-483B-4790-9A3F-8E1168611343}.Release|Any CPU.ActiveCfg = Release|Any CPU
		{631CCA81-483B-4790-9A3F-8E1168611343}.Release|Any CPU.Build.0 = Release|Any CPU
		{631CCA81-483B-4790-9A3F-8E1168611343}.Release|x64.ActiveCfg = Release|Any CPU
		{631CCA81-483B-4790-9A3F-8E1168611343}.Release|x64.Build.0 = Release|Any CPU
		{631CCA81-483B-4790-9A3F-8E1168611343}.Release|x86.ActiveCfg = Release|Any CPU
		{631CCA81-483B-4790-9A3F-8E1168611343}.Release|x86.Build.0 = Release|Any CPU
		{5BC9EF05-64EC-4D48-9E81-7540CA4B74F6}.Debug|Any CPU.ActiveCfg = Debug|Any CPU
		{5BC9EF05-64EC-4D48-9E81-7540CA4B74F6}.Debug|Any CPU.Build.0 = Debug|Any CPU
		{5BC9EF05-64EC-4D48-9E81-7540CA4B74F6}.Debug|x64.ActiveCfg = Debug|Any CPU
		{5BC9EF05-64EC-4D48-9E81-7540CA4B74F6}.Debug|x64.Build.0 = Debug|Any CPU
		{5BC9EF05-64EC-4D48-9E81-7540CA4B74F6}.Debug|x86.ActiveCfg = Debug|Any CPU
		{5BC9EF05-64EC-4D48-9E81-7540CA4B74F6}.Debug|x86.Build.0 = Debug|Any CPU
		{5BC9EF05-64EC-4D48-9E81-7540CA4B74F6}.Release|Any CPU.ActiveCfg = Release|Any CPU
		{5BC9EF05-64EC-4D48-9E81-7540CA4B74F6}.Release|Any CPU.Build.0 = Release|Any CPU
		{5BC9EF05-64EC-4D48-9E81-7540CA4B74F6}.Release|x64.ActiveCfg = Release|Any CPU
		{5BC9EF05-64EC-4D48-9E81-7540CA4B74F6}.Release|x64.Build.0 = Release|Any CPU
		{5BC9EF05-64EC-4D48-9E81-7540CA4B74F6}.Release|x86.ActiveCfg = Release|Any CPU
		{5BC9EF05-64EC-4D48-9E81-7540CA4B74F6}.Release|x86.Build.0 = Release|Any CPU
		{DA0C2049-452B-4215-A2EC-78E584931288}.Debug|Any CPU.ActiveCfg = Debug|Any CPU
		{DA0C2049-452B-4215-A2EC-78E584931288}.Debug|Any CPU.Build.0 = Debug|Any CPU
		{DA0C2049-452B-4215-A2EC-78E584931288}.Debug|x64.ActiveCfg = Debug|Any CPU
		{DA0C2049-452B-4215-A2EC-78E584931288}.Debug|x64.Build.0 = Debug|Any CPU
		{DA0C2049-452B-4215-A2EC-78E584931288}.Debug|x86.ActiveCfg = Debug|Any CPU
		{DA0C2049-452B-4215-A2EC-78E584931288}.Debug|x86.Build.0 = Debug|Any CPU
		{DA0C2049-452B-4215-A2EC-78E584931288}.Release|Any CPU.ActiveCfg = Release|Any CPU
		{DA0C2049-452B-4215-A2EC-78E584931288}.Release|Any CPU.Build.0 = Release|Any CPU
		{DA0C2049-452B-4215-A2EC-78E584931288}.Release|x64.ActiveCfg = Release|Any CPU
		{DA0C2049-452B-4215-A2EC-78E584931288}.Release|x64.Build.0 = Release|Any CPU
		{DA0C2049-452B-4215-A2EC-78E584931288}.Release|x86.ActiveCfg = Release|Any CPU
		{DA0C2049-452B-4215-A2EC-78E584931288}.Release|x86.Build.0 = Release|Any CPU
		{BC0E209D-95C1-4EFC-9EE2-164191F95310}.Debug|Any CPU.ActiveCfg = Debug|Any CPU
		{BC0E209D-95C1-4EFC-9EE2-164191F95310}.Debug|Any CPU.Build.0 = Debug|Any CPU
		{BC0E209D-95C1-4EFC-9EE2-164191F95310}.Debug|x64.ActiveCfg = Debug|Any CPU
		{BC0E209D-95C1-4EFC-9EE2-164191F95310}.Debug|x64.Build.0 = Debug|Any CPU
		{BC0E209D-95C1-4EFC-9EE2-164191F95310}.Debug|x86.ActiveCfg = Debug|Any CPU
		{BC0E209D-95C1-4EFC-9EE2-164191F95310}.Debug|x86.Build.0 = Debug|Any CPU
		{BC0E209D-95C1-4EFC-9EE2-164191F95310}.Release|Any CPU.ActiveCfg = Release|Any CPU
		{BC0E209D-95C1-4EFC-9EE2-164191F95310}.Release|Any CPU.Build.0 = Release|Any CPU
		{BC0E209D-95C1-4EFC-9EE2-164191F95310}.Release|x64.ActiveCfg = Release|Any CPU
		{BC0E209D-95C1-4EFC-9EE2-164191F95310}.Release|x64.Build.0 = Release|Any CPU
		{BC0E209D-95C1-4EFC-9EE2-164191F95310}.Release|x86.ActiveCfg = Release|Any CPU
		{BC0E209D-95C1-4EFC-9EE2-164191F95310}.Release|x86.Build.0 = Release|Any CPU
		{8BB9131B-1D64-4750-B158-8DC4E5845D40}.Debug|Any CPU.ActiveCfg = Debug|Any CPU
		{8BB9131B-1D64-4750-B158-8DC4E5845D40}.Debug|Any CPU.Build.0 = Debug|Any CPU
		{8BB9131B-1D64-4750-B158-8DC4E5845D40}.Debug|x64.ActiveCfg = Debug|Any CPU
		{8BB9131B-1D64-4750-B158-8DC4E5845D40}.Debug|x64.Build.0 = Debug|Any CPU
		{8BB9131B-1D64-4750-B158-8DC4E5845D40}.Debug|x86.ActiveCfg = Debug|Any CPU
		{8BB9131B-1D64-4750-B158-8DC4E5845D40}.Debug|x86.Build.0 = Debug|Any CPU
		{8BB9131B-1D64-4750-B158-8DC4E5845D40}.Release|Any CPU.ActiveCfg = Release|Any CPU
		{8BB9131B-1D64-4750-B158-8DC4E5845D40}.Release|Any CPU.Build.0 = Release|Any CPU
		{8BB9131B-1D64-4750-B158-8DC4E5845D40}.Release|x64.ActiveCfg = Release|Any CPU
		{8BB9131B-1D64-4750-B158-8DC4E5845D40}.Release|x64.Build.0 = Release|Any CPU
		{8BB9131B-1D64-4750-B158-8DC4E5845D40}.Release|x86.ActiveCfg = Release|Any CPU
		{8BB9131B-1D64-4750-B158-8DC4E5845D40}.Release|x86.Build.0 = Release|Any CPU
		{35D7CA8B-8C5D-4C83-A5C7-84AF203FD9E2}.Debug|Any CPU.ActiveCfg = Debug|Any CPU
		{35D7CA8B-8C5D-4C83-A5C7-84AF203FD9E2}.Debug|Any CPU.Build.0 = Debug|Any CPU
		{35D7CA8B-8C5D-4C83-A5C7-84AF203FD9E2}.Debug|x64.ActiveCfg = Debug|Any CPU
		{35D7CA8B-8C5D-4C83-A5C7-84AF203FD9E2}.Debug|x64.Build.0 = Debug|Any CPU
		{35D7CA8B-8C5D-4C83-A5C7-84AF203FD9E2}.Debug|x86.ActiveCfg = Debug|Any CPU
		{35D7CA8B-8C5D-4C83-A5C7-84AF203FD9E2}.Debug|x86.Build.0 = Debug|Any CPU
		{35D7CA8B-8C5D-4C83-A5C7-84AF203FD9E2}.Release|Any CPU.ActiveCfg = Release|Any CPU
		{35D7CA8B-8C5D-4C83-A5C7-84AF203FD9E2}.Release|Any CPU.Build.0 = Release|Any CPU
		{35D7CA8B-8C5D-4C83-A5C7-84AF203FD9E2}.Release|x64.ActiveCfg = Release|Any CPU
		{35D7CA8B-8C5D-4C83-A5C7-84AF203FD9E2}.Release|x64.Build.0 = Release|Any CPU
		{35D7CA8B-8C5D-4C83-A5C7-84AF203FD9E2}.Release|x86.ActiveCfg = Release|Any CPU
		{35D7CA8B-8C5D-4C83-A5C7-84AF203FD9E2}.Release|x86.Build.0 = Release|Any CPU
		{EA025EAB-7CE7-4C1E-A876-6B909582B6E2}.Debug|Any CPU.ActiveCfg = Debug|Any CPU
		{EA025EAB-7CE7-4C1E-A876-6B909582B6E2}.Debug|Any CPU.Build.0 = Debug|Any CPU
		{EA025EAB-7CE7-4C1E-A876-6B909582B6E2}.Debug|x64.ActiveCfg = Debug|Any CPU
		{EA025EAB-7CE7-4C1E-A876-6B909582B6E2}.Debug|x64.Build.0 = Debug|Any CPU
		{EA025EAB-7CE7-4C1E-A876-6B909582B6E2}.Debug|x86.ActiveCfg = Debug|Any CPU
		{EA025EAB-7CE7-4C1E-A876-6B909582B6E2}.Debug|x86.Build.0 = Debug|Any CPU
		{EA025EAB-7CE7-4C1E-A876-6B909582B6E2}.Release|Any CPU.ActiveCfg = Release|Any CPU
		{EA025EAB-7CE7-4C1E-A876-6B909582B6E2}.Release|Any CPU.Build.0 = Release|Any CPU
		{EA025EAB-7CE7-4C1E-A876-6B909582B6E2}.Release|x64.ActiveCfg = Release|Any CPU
		{EA025EAB-7CE7-4C1E-A876-6B909582B6E2}.Release|x64.Build.0 = Release|Any CPU
		{EA025EAB-7CE7-4C1E-A876-6B909582B6E2}.Release|x86.ActiveCfg = Release|Any CPU
		{EA025EAB-7CE7-4C1E-A876-6B909582B6E2}.Release|x86.Build.0 = Release|Any CPU
		{E8634ECD-D527-45BD-A738-3AFA69E8C854}.Debug|Any CPU.ActiveCfg = Debug|Any CPU
		{E8634ECD-D527-45BD-A738-3AFA69E8C854}.Debug|Any CPU.Build.0 = Debug|Any CPU
		{E8634ECD-D527-45BD-A738-3AFA69E8C854}.Debug|x64.ActiveCfg = Debug|Any CPU
		{E8634ECD-D527-45BD-A738-3AFA69E8C854}.Debug|x64.Build.0 = Debug|Any CPU
		{E8634ECD-D527-45BD-A738-3AFA69E8C854}.Debug|x86.ActiveCfg = Debug|Any CPU
		{E8634ECD-D527-45BD-A738-3AFA69E8C854}.Debug|x86.Build.0 = Debug|Any CPU
		{E8634ECD-D527-45BD-A738-3AFA69E8C854}.Release|Any CPU.ActiveCfg = Release|Any CPU
		{E8634ECD-D527-45BD-A738-3AFA69E8C854}.Release|Any CPU.Build.0 = Release|Any CPU
		{E8634ECD-D527-45BD-A738-3AFA69E8C854}.Release|x64.ActiveCfg = Release|Any CPU
		{E8634ECD-D527-45BD-A738-3AFA69E8C854}.Release|x64.Build.0 = Release|Any CPU
		{E8634ECD-D527-45BD-A738-3AFA69E8C854}.Release|x86.ActiveCfg = Release|Any CPU
		{E8634ECD-D527-45BD-A738-3AFA69E8C854}.Release|x86.Build.0 = Release|Any CPU
		{7C014F94-591F-4756-9E77-06280588EE66}.Debug|Any CPU.ActiveCfg = Debug|Any CPU
		{7C014F94-591F-4756-9E77-06280588EE66}.Debug|Any CPU.Build.0 = Debug|Any CPU
		{7C014F94-591F-4756-9E77-06280588EE66}.Debug|x64.ActiveCfg = Debug|Any CPU
		{7C014F94-591F-4756-9E77-06280588EE66}.Debug|x64.Build.0 = Debug|Any CPU
		{7C014F94-591F-4756-9E77-06280588EE66}.Debug|x86.ActiveCfg = Debug|Any CPU
		{7C014F94-591F-4756-9E77-06280588EE66}.Debug|x86.Build.0 = Debug|Any CPU
		{7C014F94-591F-4756-9E77-06280588EE66}.Release|Any CPU.ActiveCfg = Release|Any CPU
		{7C014F94-591F-4756-9E77-06280588EE66}.Release|Any CPU.Build.0 = Release|Any CPU
		{7C014F94-591F-4756-9E77-06280588EE66}.Release|x64.ActiveCfg = Release|Any CPU
		{7C014F94-591F-4756-9E77-06280588EE66}.Release|x64.Build.0 = Release|Any CPU
		{7C014F94-591F-4756-9E77-06280588EE66}.Release|x86.ActiveCfg = Release|Any CPU
		{7C014F94-591F-4756-9E77-06280588EE66}.Release|x86.Build.0 = Release|Any CPU
	EndGlobalSection
	GlobalSection(SolutionProperties) = preSolution
		HideSolutionNode = FALSE
	EndGlobalSection
EndGlobal
